
Microsoft Visual Studio Solution File, Format Version 12.00
# Visual Studio Version 16
VisualStudioVersion = 16.0.31019.35
MinimumVisualStudioVersion = 10.0.40219.1
Project("{9A19103F-16F7-4668-BE54-9A1E7A4F7556}") = "HUDElementsLib", "HUDElementsLib\HUDElementsLib.csproj", "{52EEB429-3C8A-4465-B8A4-0AC49CD40E6D}"
EndProject
Global
	GlobalSection(SolutionConfigurationPlatforms) = preSolution
		Debug|Any CPU = Debug|Any CPU
		Release|Any CPU = Release|Any CPU
	EndGlobalSection
	GlobalSection(ProjectConfigurationPlatforms) = postSolution
		{52EEB429-3C8A-4465-B8A4-0AC49CD40E6D}.Debug|Any CPU.ActiveCfg = Debug|Any CPU
		{52EEB429-3C8A-4465-B8A4-0AC49CD40E6D}.Debug|Any CPU.Build.0 = Debug|Any CPU
		{52EEB429-3C8A-4465-B8A4-0AC49CD40E6D}.Release|Any CPU.ActiveCfg = Release|Any CPU
		{52EEB429-3C8A-4465-B8A4-0AC49CD40E6D}.Release|Any CPU.Build.0 = Release|Any CPU
	EndGlobalSection
	GlobalSection(SolutionProperties) = preSolution
		HideSolutionNode = FALSE
	EndGlobalSection
	GlobalSection(ExtensibilityGlobals) = postSolution
		SolutionGuid = {C01D90B7-9501-41FC-A716-74A48ECFDAF6}
	EndGlobalSection
EndGlobal
